// !$*UTF8*$!
{
	archiveVersion = 1;
	classes = {
	};
	objectVersion = 56;
	objects = {

/* Begin PBXBuildFile section */
		7C19AA2F2BAD950D00BCA702 /* Menu.swift in Sources */ = {isa = PBXBuildFile; fileRef = 7C19AA2E2BAD950D00BCA702 /* Menu.swift */; };
		968E4C0D2BADA941005D30AC /* video.mp4 in Resources */ = {isa = PBXBuildFile; fileRef = 968E4C0C2BADA940005D30AC /* video.mp4 */; };
		96B8699F2BAD92E200328010 /* RealityKitContent in Frameworks */ = {isa = PBXBuildFile; productRef = 96B8699E2BAD92E200328010 /* RealityKitContent */; };
		96B869A12BAD92E200328010 /* RobotOnFireApp.swift in Sources */ = {isa = PBXBuildFile; fileRef = 96B869A02BAD92E200328010 /* RobotOnFireApp.swift */; };
		96B869A32BAD92E200328010 /* ContentView.swift in Sources */ = {isa = PBXBuildFile; fileRef = 96B869A22BAD92E200328010 /* ContentView.swift */; };
		96B869A52BAD92E200328010 /* ImmersiveView.swift in Sources */ = {isa = PBXBuildFile; fileRef = 96B869A42BAD92E200328010 /* ImmersiveView.swift */; };
		96B869A72BAD92E200328010 /* ImageBasedLighting.skybox in Resources */ = {isa = PBXBuildFile; fileRef = 96B869A62BAD92E200328010 /* ImageBasedLighting.skybox */; };
		96B869A92BAD92E300328010 /* Assets.xcassets in Resources */ = {isa = PBXBuildFile; fileRef = 96B869A82BAD92E300328010 /* Assets.xcassets */; };
		96B869AC2BAD92E300328010 /* Preview Assets.xcassets in Resources */ = {isa = PBXBuildFile; fileRef = 96B869AB2BAD92E300328010 /* Preview Assets.xcassets */; };
		96B869B42BADA1B700328010 /* Skybox.swift in Sources */ = {isa = PBXBuildFile; fileRef = 96B869B32BADA1B700328010 /* Skybox.swift */; };
/* End PBXBuildFile section */

/* Begin PBXFileReference section */
		7C19AA2E2BAD950D00BCA702 /* Menu.swift */ = {isa = PBXFileReference; lastKnownFileType = sourcecode.swift; path = Menu.swift; sourceTree = "<group>"; };
		968E4C0C2BADA940005D30AC /* video.mp4 */ = {isa = PBXFileReference; lastKnownFileType = file; path = video.mp4; sourceTree = "<group>"; };
		96B869992BAD92E200328010 /* RobotOnFire.app */ = {isa = PBXFileReference; explicitFileType = wrapper.application; includeInIndex = 0; path = RobotOnFire.app; sourceTree = BUILT_PRODUCTS_DIR; };
		96B8699D2BAD92E200328010 /* RealityKitContent */ = {isa = PBXFileReference; lastKnownFileType = wrapper; path = RealityKitContent; sourceTree = "<group>"; };
		96B869A02BAD92E200328010 /* RobotOnFireApp.swift */ = {isa = PBXFileReference; lastKnownFileType = sourcecode.swift; path = RobotOnFireApp.swift; sourceTree = "<group>"; };
		96B869A22BAD92E200328010 /* ContentView.swift */ = {isa = PBXFileReference; lastKnownFileType = sourcecode.swift; path = ContentView.swift; sourceTree = "<group>"; };
		96B869A42BAD92E200328010 /* ImmersiveView.swift */ = {isa = PBXFileReference; lastKnownFileType = sourcecode.swift; path = ImmersiveView.swift; sourceTree = "<group>"; };
		96B869A62BAD92E200328010 /* ImageBasedLighting.skybox */ = {isa = PBXFileReference; lastKnownFileType = file.skybox; path = ImageBasedLighting.skybox; sourceTree = "<group>"; };
		96B869A82BAD92E300328010 /* Assets.xcassets */ = {isa = PBXFileReference; lastKnownFileType = folder.assetcatalog; path = Assets.xcassets; sourceTree = "<group>"; };
		96B869AB2BAD92E300328010 /* Preview Assets.xcassets */ = {isa = PBXFileReference; lastKnownFileType = folder.assetcatalog; path = "Preview Assets.xcassets"; sourceTree = "<group>"; };
		96B869AD2BAD92E300328010 /* Info.plist */ = {isa = PBXFileReference; lastKnownFileType = text.plist.xml; path = Info.plist; sourceTree = "<group>"; };
		96B869B32BADA1B700328010 /* Skybox.swift */ = {isa = PBXFileReference; lastKnownFileType = sourcecode.swift; path = Skybox.swift; sourceTree = "<group>"; };
/* End PBXFileReference section */

/* Begin PBXFrameworksBuildPhase section */
		96B869962BAD92E200328010 /* Frameworks */ = {
			isa = PBXFrameworksBuildPhase;
			buildActionMask = 2147483647;
			files = (
				96B8699F2BAD92E200328010 /* RealityKitContent in Frameworks */,
			);
			runOnlyForDeploymentPostprocessing = 0;
		};
/* End PBXFrameworksBuildPhase section */

/* Begin PBXGroup section */
		7C19AA2D2BAD94FF00BCA702 /* Shared */ = {
			isa = PBXGroup;
			children = (
				96B869B32BADA1B700328010 /* Skybox.swift */,
				7C19AA2E2BAD950D00BCA702 /* Menu.swift */,
			);
			path = Shared;
			sourceTree = "<group>";
		};
		96B869902BAD92E200328010 = {
			isa = PBXGroup;
			children = (
				96B8699B2BAD92E200328010 /* RobotOnFire */,
				96B8699C2BAD92E200328010 /* Packages */,
				96B8699A2BAD92E200328010 /* Products */,
			);
			sourceTree = "<group>";
		};
		96B8699A2BAD92E200328010 /* Products */ = {
			isa = PBXGroup;
			children = (
				96B869992BAD92E200328010 /* RobotOnFire.app */,
			);
			name = Products;
			sourceTree = "<group>";
		};
		96B8699B2BAD92E200328010 /* RobotOnFire */ = {
			isa = PBXGroup;
			children = (
				7C19AA2D2BAD94FF00BCA702 /* Shared */,
				96B869A02BAD92E200328010 /* RobotOnFireApp.swift */,
				96B869A22BAD92E200328010 /* ContentView.swift */,
				968E4C0C2BADA940005D30AC /* video.mp4 */,
				96B869A42BAD92E200328010 /* ImmersiveView.swift */,
				96B869A62BAD92E200328010 /* ImageBasedLighting.skybox */,
				96B869A82BAD92E300328010 /* Assets.xcassets */,
				96B869AD2BAD92E300328010 /* Info.plist */,
				96B869AA2BAD92E300328010 /* Preview Content */,
			);
			path = RobotOnFire;
			sourceTree = "<group>";
		};
		96B8699C2BAD92E200328010 /* Packages */ = {
			isa = PBXGroup;
			children = (
				96B8699D2BAD92E200328010 /* RealityKitContent */,
			);
			path = Packages;
			sourceTree = "<group>";
		};
		96B869AA2BAD92E300328010 /* Preview Content */ = {
			isa = PBXGroup;
			children = (
				96B869AB2BAD92E300328010 /* Preview Assets.xcassets */,
			);
			path = "Preview Content";
			sourceTree = "<group>";
		};
/* End PBXGroup section */

/* Begin PBXNativeTarget section */
		96B869982BAD92E200328010 /* RobotOnFire */ = {
			isa = PBXNativeTarget;
			buildConfigurationList = 96B869B02BAD92E300328010 /* Build configuration list for PBXNativeTarget "RobotOnFire" */;
			buildPhases = (
				96B869952BAD92E200328010 /* Sources */,
				96B869962BAD92E200328010 /* Frameworks */,
				96B869972BAD92E200328010 /* Resources */,
			);
			buildRules = (
			);
			dependencies = (
			);
			name = RobotOnFire;
			packageProductDependencies = (
				96B8699E2BAD92E200328010 /* RealityKitContent */,
			);
			productName = RobotOnFire;
			productReference = 96B869992BAD92E200328010 /* RobotOnFire.app */;
			productType = "com.apple.product-type.application";
		};
/* End PBXNativeTarget section */

/* Begin PBXProject section */
		96B869912BAD92E200328010 /* Project object */ = {
			isa = PBXProject;
			attributes = {
				BuildIndependentTargetsInParallel = 1;
				LastSwiftUpdateCheck = 1530;
				LastUpgradeCheck = 1530;
				TargetAttributes = {
					96B869982BAD92E200328010 = {
						CreatedOnToolsVersion = 15.3;
					};
				};
			};
			buildConfigurationList = 96B869942BAD92E200328010 /* Build configuration list for PBXProject "RobotOnFire" */;
			compatibilityVersion = "Xcode 14.0";
			developmentRegion = en;
			hasScannedForEncodings = 0;
			knownRegions = (
				en,
				Base,
			);
			mainGroup = 96B869902BAD92E200328010;
			productRefGroup = 96B8699A2BAD92E200328010 /* Products */;
			projectDirPath = "";
			projectRoot = "";
			targets = (
				96B869982BAD92E200328010 /* RobotOnFire */,
			);
		};
/* End PBXProject section */

/* Begin PBXResourcesBuildPhase section */
		96B869972BAD92E200328010 /* Resources */ = {
			isa = PBXResourcesBuildPhase;
			buildActionMask = 2147483647;
			files = (
				96B869A92BAD92E300328010 /* Assets.xcassets in Resources */,
				96B869AC2BAD92E300328010 /* Preview Assets.xcassets in Resources */,
				96B869A72BAD92E200328010 /* ImageBasedLighting.skybox in Resources */,
				968E4C0D2BADA941005D30AC /* video.mp4 in Resources */,
			);
			runOnlyForDeploymentPostprocessing = 0;
		};
/* End PBXResourcesBuildPhase section */

/* Begin PBXSourcesBuildPhase section */
		96B869952BAD92E200328010 /* Sources */ = {
			isa = PBXSourcesBuildPhase;
			buildActionMask = 2147483647;
			files = (
				96B869A32BAD92E200328010 /* ContentView.swift in Sources */,
				96B869B42BADA1B700328010 /* Skybox.swift in Sources */,
				96B869A12BAD92E200328010 /* RobotOnFireApp.swift in Sources */,
				7C19AA2F2BAD950D00BCA702 /* Menu.swift in Sources */,
				96B869A52BAD92E200328010 /* ImmersiveView.swift in Sources */,
			);
			runOnlyForDeploymentPostprocessing = 0;
		};
/* End PBXSourcesBuildPhase section */

/* Begin XCBuildConfiguration section */
		96B869AE2BAD92E300328010 /* Debug */ = {
			isa = XCBuildConfiguration;
			buildSettings = {
				ALWAYS_SEARCH_USER_PATHS = NO;
				ASSETCATALOG_COMPILER_GENERATE_SWIFT_ASSET_SYMBOL_EXTENSIONS = YES;
				CLANG_ANALYZER_NONNULL = YES;
				CLANG_ANALYZER_NUMBER_OBJECT_CONVERSION = YES_AGGRESSIVE;
				CLANG_CXX_LANGUAGE_STANDARD = "gnu++20";
				CLANG_ENABLE_MODULES = YES;
				CLANG_ENABLE_OBJC_ARC = YES;
				CLANG_ENABLE_OBJC_WEAK = YES;
				CLANG_WARN_BLOCK_CAPTURE_AUTORELEASING = YES;
				CLANG_WARN_BOOL_CONVERSION = YES;
				CLANG_WARN_COMMA = YES;
				CLANG_WARN_CONSTANT_CONVERSION = YES;
				CLANG_WARN_DEPRECATED_OBJC_IMPLEMENTATIONS = YES;
				CLANG_WARN_DIRECT_OBJC_ISA_USAGE = YES_ERROR;
				CLANG_WARN_DOCUMENTATION_COMMENTS = YES;
				CLANG_WARN_EMPTY_BODY = YES;
				CLANG_WARN_ENUM_CONVERSION = YES;
				CLANG_WARN_INFINITE_RECURSION = YES;
				CLANG_WARN_INT_CONVERSION = YES;
				CLANG_WARN_NON_LITERAL_NULL_CONVERSION = YES;
				CLANG_WARN_OBJC_IMPLICIT_RETAIN_SELF = YES;
				CLANG_WARN_OBJC_LITERAL_CONVERSION = YES;
				CLANG_WARN_OBJC_ROOT_CLASS = YES_ERROR;
				CLANG_WARN_QUOTED_INCLUDE_IN_FRAMEWORK_HEADER = YES;
				CLANG_WARN_RANGE_LOOP_ANALYSIS = YES;
				CLANG_WARN_STRICT_PROTOTYPES = YES;
				CLANG_WARN_SUSPICIOUS_MOVE = YES;
				CLANG_WARN_UNGUARDED_AVAILABILITY = YES_AGGRESSIVE;
				CLANG_WARN_UNREACHABLE_CODE = YES;
				CLANG_WARN__DUPLICATE_METHOD_MATCH = YES;
				COPY_PHASE_STRIP = NO;
				DEBUG_INFORMATION_FORMAT = dwarf;
				ENABLE_STRICT_OBJC_MSGSEND = YES;
				ENABLE_TESTABILITY = YES;
				ENABLE_USER_SCRIPT_SANDBOXING = YES;
				GCC_C_LANGUAGE_STANDARD = gnu17;
				GCC_DYNAMIC_NO_PIC = NO;
				GCC_NO_COMMON_BLOCKS = YES;
				GCC_OPTIMIZATION_LEVEL = 0;
				GCC_PREPROCESSOR_DEFINITIONS = (
					"DEBUG=1",
					"$(inherited)",
				);
				GCC_WARN_64_TO_32_BIT_CONVERSION = YES;
				GCC_WARN_ABOUT_RETURN_TYPE = YES_ERROR;
				GCC_WARN_UNDECLARED_SELECTOR = YES;
				GCC_WARN_UNINITIALIZED_AUTOS = YES_AGGRESSIVE;
				GCC_WARN_UNUSED_FUNCTION = YES;
				GCC_WARN_UNUSED_VARIABLE = YES;
				LOCALIZATION_PREFERS_STRING_CATALOGS = YES;
				MTL_ENABLE_DEBUG_INFO = INCLUDE_SOURCE;
				MTL_FAST_MATH = YES;
				ONLY_ACTIVE_ARCH = YES;
				SDKROOT = xros;
				SWIFT_ACTIVE_COMPILATION_CONDITIONS = "DEBUG $(inherited)";
				SWIFT_OPTIMIZATION_LEVEL = "-Onone";
				XROS_DEPLOYMENT_TARGET = 1.1;
			};
			name = Debug;
		};
		96B869AF2BAD92E300328010 /* Release */ = {
			isa = XCBuildConfiguration;
			buildSettings = {
				ALWAYS_SEARCH_USER_PATHS = NO;
				ASSETCATALOG_COMPILER_GENERATE_SWIFT_ASSET_SYMBOL_EXTENSIONS = YES;
				CLANG_ANALYZER_NONNULL = YES;
				CLANG_ANALYZER_NUMBER_OBJECT_CONVERSION = YES_AGGRESSIVE;
				CLANG_CXX_LANGUAGE_STANDARD = "gnu++20";
				CLANG_ENABLE_MODULES = YES;
				CLANG_ENABLE_OBJC_ARC = YES;
				CLANG_ENABLE_OBJC_WEAK = YES;
				CLANG_WARN_BLOCK_CAPTURE_AUTORELEASING = YES;
				CLANG_WARN_BOOL_CONVERSION = YES;
				CLANG_WARN_COMMA = YES;
				CLANG_WARN_CONSTANT_CONVERSION = YES;
				CLANG_WARN_DEPRECATED_OBJC_IMPLEMENTATIONS = YES;
				CLANG_WARN_DIRECT_OBJC_ISA_USAGE = YES_ERROR;
				CLANG_WARN_DOCUMENTATION_COMMENTS = YES;
				CLANG_WARN_EMPTY_BODY = YES;
				CLANG_WARN_ENUM_CONVERSION = YES;
				CLANG_WARN_INFINITE_RECURSION = YES;
				CLANG_WARN_INT_CONVERSION = YES;
				CLANG_WARN_NON_LITERAL_NULL_CONVERSION = YES;
				CLANG_WARN_OBJC_IMPLICIT_RETAIN_SELF = YES;
				CLANG_WARN_OBJC_LITERAL_CONVERSION = YES;
				CLANG_WARN_OBJC_ROOT_CLASS = YES_ERROR;
				CLANG_WARN_QUOTED_INCLUDE_IN_FRAMEWORK_HEADER = YES;
				CLANG_WARN_RANGE_LOOP_ANALYSIS = YES;
				CLANG_WARN_STRICT_PROTOTYPES = YES;
				CLANG_WARN_SUSPICIOUS_MOVE = YES;
				CLANG_WARN_UNGUARDED_AVAILABILITY = YES_AGGRESSIVE;
				CLANG_WARN_UNREACHABLE_CODE = YES;
				CLANG_WARN__DUPLICATE_METHOD_MATCH = YES;
				COPY_PHASE_STRIP = NO;
				DEBUG_INFORMATION_FORMAT = "dwarf-with-dsym";
				ENABLE_NS_ASSERTIONS = NO;
				ENABLE_STRICT_OBJC_MSGSEND = YES;
				ENABLE_USER_SCRIPT_SANDBOXING = YES;
				GCC_C_LANGUAGE_STANDARD = gnu17;
				GCC_NO_COMMON_BLOCKS = YES;
				GCC_WARN_64_TO_32_BIT_CONVERSION = YES;
				GCC_WARN_ABOUT_RETURN_TYPE = YES_ERROR;
				GCC_WARN_UNDECLARED_SELECTOR = YES;
				GCC_WARN_UNINITIALIZED_AUTOS = YES_AGGRESSIVE;
				GCC_WARN_UNUSED_FUNCTION = YES;
				GCC_WARN_UNUSED_VARIABLE = YES;
				LOCALIZATION_PREFERS_STRING_CATALOGS = YES;
				MTL_ENABLE_DEBUG_INFO = NO;
				MTL_FAST_MATH = YES;
				SDKROOT = xros;
				SWIFT_COMPILATION_MODE = wholemodule;
				VALIDATE_PRODUCT = YES;
				XROS_DEPLOYMENT_TARGET = 1.1;
			};
			name = Release;
		};
		96B869B12BAD92E300328010 /* Debug */ = {
			isa = XCBuildConfiguration;
			buildSettings = {
				ASSETCATALOG_COMPILER_APPICON_NAME = AppIcon;
				ASSETCATALOG_COMPILER_GLOBAL_ACCENT_COLOR_NAME = AccentColor;
				CODE_SIGN_STYLE = Automatic;
				CURRENT_PROJECT_VERSION = 1;
				DEVELOPMENT_ASSET_PATHS = "\"RobotOnFire/Preview Content\"";
				DEVELOPMENT_TEAM = 8LJDYCPBL3;
				ENABLE_PREVIEWS = YES;
				GENERATE_INFOPLIST_FILE = YES;
				INFOPLIST_FILE = "$(TARGET_NAME)/Info.plist";
				LD_RUNPATH_SEARCH_PATHS = (
					"$(inherited)",
					"@executable_path/Frameworks",
				);
				MARKETING_VERSION = 1.0;
				PRODUCT_BUNDLE_IDENTIFIER = com.deloitte.RobotOnFire;
				PRODUCT_NAME = "$(TARGET_NAME)";
				SUPPORTED_PLATFORMS = "xros xrsimulator";
				SWIFT_EMIT_LOC_STRINGS = YES;
				SWIFT_VERSION = 5.0;
				TARGETED_DEVICE_FAMILY = "1,2,7";
			};
			name = Debug;
		};
		96B869B22BAD92E300328010 /* Release */ = {
			isa = XCBuildConfiguration;
			buildSettings = {
				ASSETCATALOG_COMPILER_APPICON_NAME = AppIcon;
				ASSETCATALOG_COMPILER_GLOBAL_ACCENT_COLOR_NAME = AccentColor;
				CODE_SIGN_STYLE = Automatic;
				CURRENT_PROJECT_VERSION = 1;
				DEVELOPMENT_ASSET_PATHS = "\"RobotOnFire/Preview Content\"";
				DEVELOPMENT_TEAM = 8LJDYCPBL3;
				ENABLE_PREVIEWS = YES;
				GENERATE_INFOPLIST_FILE = YES;
				INFOPLIST_FILE = "$(TARGET_NAME)/Info.plist";
				LD_RUNPATH_SEARCH_PATHS = (
					"$(inherited)",
					"@executable_path/Frameworks",
				);
				MARKETING_VERSION = 1.0;
				PRODUCT_BUNDLE_IDENTIFIER = com.deloitte.RobotOnFire;
				PRODUCT_NAME = "$(TARGET_NAME)";
				SUPPORTED_PLATFORMS = "xros xrsimulator";
				SWIFT_EMIT_LOC_STRINGS = YES;
				SWIFT_VERSION = 5.0;
				TARGETED_DEVICE_FAMILY = "1,2,7";
			};
			name = Release;
		};
/* End XCBuildConfiguration section */

/* Begin XCConfigurationList section */
		96B869942BAD92E200328010 /* Build configuration list for PBXProject "RobotOnFire" */ = {
			isa = XCConfigurationList;
			buildConfigurations = (
				96B869AE2BAD92E300328010 /* Debug */,
				96B869AF2BAD92E300328010 /* Release */,
			);
			defaultConfigurationIsVisible = 0;
			defaultConfigurationName = Release;
		};
		96B869B02BAD92E300328010 /* Build configuration list for PBXNativeTarget "RobotOnFire" */ = {
			isa = XCConfigurationList;
			buildConfigurations = (
				96B869B12BAD92E300328010 /* Debug */,
				96B869B22BAD92E300328010 /* Release */,
			);
			defaultConfigurationIsVisible = 0;
			defaultConfigurationName = Release;
		};
/* End XCConfigurationList section */

/* Begin XCSwiftPackageProductDependency section */
		96B8699E2BAD92E200328010 /* RealityKitContent */ = {
			isa = XCSwiftPackageProductDependency;
			productName = RealityKitContent;
		};
/* End XCSwiftPackageProductDependency section */
	};
	rootObject = 96B869912BAD92E200328010 /* Project object */;
}
